
Microsoft Visual Studio Solution File, Format Version 12.00
# Visual Studio Version 16
VisualStudioVersion = 16.0.30804.86
MinimumVisualStudioVersion = 10.0.40219.1
Project("{FAE04EC0-301F-11D3-BF4B-00C04F79EFBC}") = "SalesWebMvc", "SalesWebMvc\SalesWebMvc.csproj", "{28FDB35F-C630-4292-895A-8D3A1F12E08D}"
EndProject
Global
	GlobalSection(SolutionConfigurationPlatforms) = preSolution
		Debug|Any CPU = Debug|Any CPU
		Release|Any CPU = Release|Any CPU
	EndGlobalSection
	GlobalSection(ProjectConfigurationPlatforms) = postSolution
		{28FDB35F-C630-4292-895A-8D3A1F12E08D}.Debug|Any CPU.ActiveCfg = Debug|Any CPU
		{28FDB35F-C630-4292-895A-8D3A1F12E08D}.Debug|Any CPU.Build.0 = Debug|Any CPU
		{28FDB35F-C630-4292-895A-8D3A1F12E08D}.Release|Any CPU.ActiveCfg = Release|Any CPU
		{28FDB35F-C630-4292-895A-8D3A1F12E08D}.Release|Any CPU.Build.0 = Release|Any CPU
	EndGlobalSection
	GlobalSection(SolutionProperties) = preSolution
		HideSolutionNode = FALSE
	EndGlobalSection
	GlobalSection(ExtensibilityGlobals) = postSolution
		SolutionGuid = {F885E966-1457-4AC3-B642-1BCA0560491A}
	EndGlobalSection
EndGlobal
